
Microsoft Visual Studio Solution File, Format Version 12.00
# Visual Studio Version 16
VisualStudioVersion = 16.0.32106.194
MinimumVisualStudioVersion = 10.0.40219.1
Project("{FAE04EC0-301F-11D3-BF4B-00C04F79EFBC}") = "Lab_04", "Lab_04.csproj", "{0A6906B7-51F5-4A65-9C66-5E708B2A66A7}"
EndProject
Global
	GlobalSection(SolutionConfigurationPlatforms) = preSolution
		Debug|Any CPU = Debug|Any CPU
		Release|Any CPU = Release|Any CPU
	EndGlobalSection
	GlobalSection(ProjectConfigurationPlatforms) = postSolution
		{0A6906B7-51F5-4A65-9C66-5E708B2A66A7}.Debug|Any CPU.ActiveCfg = Debug|Any CPU
		{0A6906B7-51F5-4A65-9C66-5E708B2A66A7}.Debug|Any CPU.Build.0 = Debug|Any CPU
		{0A6906B7-51F5-4A65-9C66-5E708B2A66A7}.Release|Any CPU.ActiveCfg = Release|Any CPU
		{0A6906B7-51F5-4A65-9C66-5E708B2A66A7}.Release|Any CPU.Build.0 = Release|Any CPU
	EndGlobalSection
	GlobalSection(SolutionProperties) = preSolution
		HideSolutionNode = FALSE
	EndGlobalSection
	GlobalSection(ExtensibilityGlobals) = postSolution
		SolutionGuid = {1915349F-1382-4AB8-9E4C-8E37EC2740CB}
	EndGlobalSection
EndGlobal
